
Microsoft Visual Studio Solution File, Format Version 12.00
# Visual Studio 2013
VisualStudioVersion = 12.0.21005.1
MinimumVisualStudioVersion = 10.0.40219.1
Project("{888888A0-9F3D-457C-B088-3A5042F75D52}") = "Develop", "Develop\Develop.pyproj", "{50DF38EE-8A9F-4253-BB4D-F38CF40FBFAD}"
EndProject
Project("{888888A0-9F3D-457C-B088-3A5042F75D52}") = "Test", "Test\Test.pyproj", "{E3AC417C-8109-4E18-A099-58B209175994}"
EndProject
Global
	GlobalSection(SolutionConfigurationPlatforms) = preSolution
		Debug|Any CPU = Debug|Any CPU
		Release|Any CPU = Release|Any CPU
	EndGlobalSection
	GlobalSection(ProjectConfigurationPlatforms) = postSolution
		{50DF38EE-8A9F-4253-BB4D-F38CF40FBFAD}.Debug|Any CPU.ActiveCfg = Debug|Any CPU
		{50DF38EE-8A9F-4253-BB4D-F38CF40FBFAD}.Debug|Any CPU.Build.0 = Debug|Any CPU
		{50DF38EE-8A9F-4253-BB4D-F38CF40FBFAD}.Release|Any CPU.ActiveCfg = Release|Any CPU
		{50DF38EE-8A9F-4253-BB4D-F38CF40FBFAD}.Release|Any CPU.Build.0 = Release|Any CPU
		{E3AC417C-8109-4E18-A099-58B209175994}.Debug|Any CPU.ActiveCfg = Debug|Any CPU
		{E3AC417C-8109-4E18-A099-58B209175994}.Debug|Any CPU.Build.0 = Debug|Any CPU
		{E3AC417C-8109-4E18-A099-58B209175994}.Release|Any CPU.ActiveCfg = Release|Any CPU
		{E3AC417C-8109-4E18-A099-58B209175994}.Release|Any CPU.Build.0 = Release|Any CPU
	EndGlobalSection
	GlobalSection(SolutionProperties) = preSolution
		HideSolutionNode = FALSE
	EndGlobalSection
EndGlobal
